
Microsoft Visual Studio Solution File, Format Version 12.00
# Visual Studio Version 16
VisualStudioVersion = 16.0.30002.166
MinimumVisualStudioVersion = 10.0.40219.1
Project("{FAE04EC0-301F-11D3-BF4B-00C04F79EFBC}") = "Practice_Guessing_Game", "Practice_Guessing_Game\Practice_Guessing_Game.csproj", "{AA54CAA6-4EFF-450B-8929-C9638C445FEA}"
EndProject
Global
	GlobalSection(SolutionConfigurationPlatforms) = preSolution
		Debug|Any CPU = Debug|Any CPU
		Release|Any CPU = Release|Any CPU
	EndGlobalSection
	GlobalSection(ProjectConfigurationPlatforms) = postSolution
		{AA54CAA6-4EFF-450B-8929-C9638C445FEA}.Debug|Any CPU.ActiveCfg = Debug|Any CPU
		{AA54CAA6-4EFF-450B-8929-C9638C445FEA}.Debug|Any CPU.Build.0 = Debug|Any CPU
		{AA54CAA6-4EFF-450B-8929-C9638C445FEA}.Release|Any CPU.ActiveCfg = Release|Any CPU
		{AA54CAA6-4EFF-450B-8929-C9638C445FEA}.Release|Any CPU.Build.0 = Release|Any CPU
	EndGlobalSection
	GlobalSection(SolutionProperties) = preSolution
		HideSolutionNode = FALSE
	EndGlobalSection
	GlobalSection(ExtensibilityGlobals) = postSolution
		SolutionGuid = {062AA5F8-46E2-4789-A12C-E0AC73ECEE45}
	EndGlobalSection
EndGlobal
